
Microsoft Visual Studio Solution File, Format Version 12.00
# Visual Studio Version 17
VisualStudioVersion = 17.4.33110.190
MinimumVisualStudioVersion = 10.0.40219.1
Project("{FAE04EC0-301F-11D3-BF4B-00C04F79EFBC}") = "RepositoryPattern", "RepositoryPattern\RepositoryPattern.csproj", "{C27C5228-4FB2-4BF0-A04D-EFC41F6C21C9}"
EndProject
Global
	GlobalSection(SolutionConfigurationPlatforms) = preSolution
		Debug|Any CPU = Debug|Any CPU
		Release|Any CPU = Release|Any CPU
	EndGlobalSection
	GlobalSection(ProjectConfigurationPlatforms) = postSolution
		{C27C5228-4FB2-4BF0-A04D-EFC41F6C21C9}.Debug|Any CPU.ActiveCfg = Debug|Any CPU
		{C27C5228-4FB2-4BF0-A04D-EFC41F6C21C9}.Debug|Any CPU.Build.0 = Debug|Any CPU
		{C27C5228-4FB2-4BF0-A04D-EFC41F6C21C9}.Release|Any CPU.ActiveCfg = Release|Any CPU
		{C27C5228-4FB2-4BF0-A04D-EFC41F6C21C9}.Release|Any CPU.Build.0 = Release|Any CPU
	EndGlobalSection
	GlobalSection(SolutionProperties) = preSolution
		HideSolutionNode = FALSE
	EndGlobalSection
	GlobalSection(ExtensibilityGlobals) = postSolution
		SolutionGuid = {708C2904-6399-467A-A40A-A8C5B2AA5A4A}
	EndGlobalSection
EndGlobal
